
Microsoft Visual Studio Solution File, Format Version 12.00
# Visual Studio Version 16
VisualStudioVersion = 16.0.31515.178
MinimumVisualStudioVersion = 10.0.40219.1
Project("{FAE04EC0-301F-11D3-BF4B-00C04F79EFBC}") = "01.IntroToArrays", "Arrays\01.IntroToArrays.csproj", "{B6041372-E6AD-4E2D-8E83-4385AD3D6901}"
EndProject
Global
	GlobalSection(SolutionConfigurationPlatforms) = preSolution
		Debug|Any CPU = Debug|Any CPU
		Release|Any CPU = Release|Any CPU
	EndGlobalSection
	GlobalSection(ProjectConfigurationPlatforms) = postSolution
		{B6041372-E6AD-4E2D-8E83-4385AD3D6901}.Debug|Any CPU.ActiveCfg = Debug|Any CPU
		{B6041372-E6AD-4E2D-8E83-4385AD3D6901}.Debug|Any CPU.Build.0 = Debug|Any CPU
		{B6041372-E6AD-4E2D-8E83-4385AD3D6901}.Release|Any CPU.ActiveCfg = Release|Any CPU
		{B6041372-E6AD-4E2D-8E83-4385AD3D6901}.Release|Any CPU.Build.0 = Release|Any CPU
	EndGlobalSection
	GlobalSection(SolutionProperties) = preSolution
		HideSolutionNode = FALSE
	EndGlobalSection
	GlobalSection(ExtensibilityGlobals) = postSolution
		SolutionGuid = {07805A46-115D-4654-8E94-7F8EB9E54DFB}
	EndGlobalSection
EndGlobal
